// !$*UTF8*$!
{
	archiveVersion = 1;
	classes = {
	};
	objectVersion = 56;
	objects = {

/* Begin PBXBuildFile section */
		273485A52A2623FF002087FF /* DetailView.swift in Sources */ = {isa = PBXBuildFile; fileRef = 273485A42A2623FF002087FF /* DetailView.swift */; };
		2799A3FD2A26D6890065AEEC /* Detail.swift in Sources */ = {isa = PBXBuildFile; fileRef = 2799A3FC2A26D6890065AEEC /* Detail.swift */; };
		464885082A24BFA100B1A36C /* HomeView.swift in Sources */ = {isa = PBXBuildFile; fileRef = 464885072A24BFA100B1A36C /* HomeView.swift */; };
		4648850A2A24BFCF00B1A36C /* Card.swift in Sources */ = {isa = PBXBuildFile; fileRef = 464885092A24BFCF00B1A36C /* Card.swift */; };
		4648850C2A24BFE400B1A36C /* CardsView.swift in Sources */ = {isa = PBXBuildFile; fileRef = 4648850B2A24BFE400B1A36C /* CardsView.swift */; };
		4648850E2A24C00600B1A36C /* View+CornerRadius.swift in Sources */ = {isa = PBXBuildFile; fileRef = 4648850D2A24C00600B1A36C /* View+CornerRadius.swift */; };
		464885102A24C01A00B1A36C /* RoundedCorner.swift in Sources */ = {isa = PBXBuildFile; fileRef = 4648850F2A24C01A00B1A36C /* RoundedCorner.swift */; };
		46E2AE0D2A20EB8400467F69 /* wallet_copycatApp.swift in Sources */ = {isa = PBXBuildFile; fileRef = 46E2AE0C2A20EB8400467F69 /* wallet_copycatApp.swift */; };
		46E2AE112A20EB8500467F69 /* Assets.xcassets in Resources */ = {isa = PBXBuildFile; fileRef = 46E2AE102A20EB8500467F69 /* Assets.xcassets */; };
		46E2AE142A20EB8500467F69 /* Preview Assets.xcassets in Resources */ = {isa = PBXBuildFile; fileRef = 46E2AE132A20EB8500467F69 /* Preview Assets.xcassets */; };
		7418D9BD2A26226E005AA29E /* Notification.swift in Sources */ = {isa = PBXBuildFile; fileRef = 7418D9BC2A26226E005AA29E /* Notification.swift */; };
		7464B46A2A24D02200B7567E /* registerCVVView.swift in Sources */ = {isa = PBXBuildFile; fileRef = 7464B4692A24D02200B7567E /* registerCVVView.swift */; };
		7464B46C2A24D04500B7567E /* Add_to_wallet_ModalView.swift in Sources */ = {isa = PBXBuildFile; fileRef = 7464B46B2A24D04500B7567E /* Add_to_wallet_ModalView.swift */; };
		7464B46E2A24D06500B7567E /* Register_Card_ModalView.swift in Sources */ = {isa = PBXBuildFile; fileRef = 7464B46D2A24D06500B7567E /* Register_Card_ModalView.swift */; };
		74CAF9A82A2624AE0037C433 /* nfcClass.swift in Sources */ = {isa = PBXBuildFile; fileRef = 74CAF9A72A2624AE0037C433 /* nfcClass.swift */; };
		B6F8042C2A212BD4007A0580 /* FaceID.swift in Sources */ = {isa = PBXBuildFile; fileRef = B6F8042B2A212BD4007A0580 /* FaceID.swift */; };
/* End PBXBuildFile section */

/* Begin PBXFileReference section */
		273485A42A2623FF002087FF /* DetailView.swift */ = {isa = PBXFileReference; lastKnownFileType = sourcecode.swift; path = DetailView.swift; sourceTree = "<group>"; };
		2799A3FC2A26D6890065AEEC /* Detail.swift */ = {isa = PBXFileReference; lastKnownFileType = sourcecode.swift; path = Detail.swift; sourceTree = "<group>"; };
		464885072A24BFA100B1A36C /* HomeView.swift */ = {isa = PBXFileReference; lastKnownFileType = sourcecode.swift; path = HomeView.swift; sourceTree = "<group>"; };
		464885092A24BFCF00B1A36C /* Card.swift */ = {isa = PBXFileReference; lastKnownFileType = sourcecode.swift; path = Card.swift; sourceTree = "<group>"; };
		4648850B2A24BFE400B1A36C /* CardsView.swift */ = {isa = PBXFileReference; lastKnownFileType = sourcecode.swift; path = CardsView.swift; sourceTree = "<group>"; };
		4648850D2A24C00600B1A36C /* View+CornerRadius.swift */ = {isa = PBXFileReference; lastKnownFileType = sourcecode.swift; path = "View+CornerRadius.swift"; sourceTree = "<group>"; };
		4648850F2A24C01A00B1A36C /* RoundedCorner.swift */ = {isa = PBXFileReference; lastKnownFileType = sourcecode.swift; path = RoundedCorner.swift; sourceTree = "<group>"; };
		46E2AE092A20EB8400467F69 /* wallet-copycat.app */ = {isa = PBXFileReference; explicitFileType = wrapper.application; includeInIndex = 0; path = "wallet-copycat.app"; sourceTree = BUILT_PRODUCTS_DIR; };
		46E2AE0C2A20EB8400467F69 /* wallet_copycatApp.swift */ = {isa = PBXFileReference; lastKnownFileType = sourcecode.swift; path = wallet_copycatApp.swift; sourceTree = "<group>"; };
		46E2AE102A20EB8500467F69 /* Assets.xcassets */ = {isa = PBXFileReference; lastKnownFileType = folder.assetcatalog; path = Assets.xcassets; sourceTree = "<group>"; };
		46E2AE132A20EB8500467F69 /* Preview Assets.xcassets */ = {isa = PBXFileReference; lastKnownFileType = folder.assetcatalog; path = "Preview Assets.xcassets"; sourceTree = "<group>"; };
		7418D9BC2A26226E005AA29E /* Notification.swift */ = {isa = PBXFileReference; lastKnownFileType = sourcecode.swift; path = Notification.swift; sourceTree = "<group>"; };
		7464B4692A24D02200B7567E /* registerCVVView.swift */ = {isa = PBXFileReference; lastKnownFileType = sourcecode.swift; path = registerCVVView.swift; sourceTree = "<group>"; };
		7464B46B2A24D04500B7567E /* Add_to_wallet_ModalView.swift */ = {isa = PBXFileReference; lastKnownFileType = sourcecode.swift; path = Add_to_wallet_ModalView.swift; sourceTree = "<group>"; };
		7464B46D2A24D06500B7567E /* Register_Card_ModalView.swift */ = {isa = PBXFileReference; lastKnownFileType = sourcecode.swift; path = Register_Card_ModalView.swift; sourceTree = "<group>"; };
		74CAF9A72A2624AE0037C433 /* nfcClass.swift */ = {isa = PBXFileReference; lastKnownFileType = sourcecode.swift; path = nfcClass.swift; sourceTree = "<group>"; };
		74CAF9A92A26256F0037C433 /* wallet-copycat.entitlements */ = {isa = PBXFileReference; lastKnownFileType = text.plist.entitlements; path = "wallet-copycat.entitlements"; sourceTree = "<group>"; };
		B6F8042B2A212BD4007A0580 /* FaceID.swift */ = {isa = PBXFileReference; lastKnownFileType = sourcecode.swift; path = FaceID.swift; sourceTree = "<group>"; };
/* End PBXFileReference section */

/* Begin PBXFrameworksBuildPhase section */
		46E2AE062A20EB8400467F69 /* Frameworks */ = {
			isa = PBXFrameworksBuildPhase;
			buildActionMask = 2147483647;
			files = (
			);
			runOnlyForDeploymentPostprocessing = 0;
		};
/* End PBXFrameworksBuildPhase section */

/* Begin PBXGroup section */
		46E2AE002A20EB8400467F69 = {
			isa = PBXGroup;
			children = (
				46E2AE0B2A20EB8400467F69 /* wallet-copycat */,
				46E2AE0A2A20EB8400467F69 /* Products */,
			);
			sourceTree = "<group>";
		};
		46E2AE0A2A20EB8400467F69 /* Products */ = {
			isa = PBXGroup;
			children = (
				46E2AE092A20EB8400467F69 /* wallet-copycat.app */,
			);
			name = Products;
			sourceTree = "<group>";
		};
		46E2AE0B2A20EB8400467F69 /* wallet-copycat */ = {
			isa = PBXGroup;
			children = (
				74CAF9A92A26256F0037C433 /* wallet-copycat.entitlements */,
				2799A3FC2A26D6890065AEEC /* Detail.swift */,
				273485A42A2623FF002087FF /* DetailView.swift */,
				74CAF9A72A2624AE0037C433 /* nfcClass.swift */,
				7418D9BC2A26226E005AA29E /* Notification.swift */,
				7464B46B2A24D04500B7567E /* Add_to_wallet_ModalView.swift */,
				7464B46D2A24D06500B7567E /* Register_Card_ModalView.swift */,
				7464B4692A24D02200B7567E /* registerCVVView.swift */,
				B6F8042B2A212BD4007A0580 /* FaceID.swift */,
				46E2AE0C2A20EB8400467F69 /* wallet_copycatApp.swift */,
				464885072A24BFA100B1A36C /* HomeView.swift */,
				464885092A24BFCF00B1A36C /* Card.swift */,
				4648850B2A24BFE400B1A36C /* CardsView.swift */,
				4648850D2A24C00600B1A36C /* View+CornerRadius.swift */,
				4648850F2A24C01A00B1A36C /* RoundedCorner.swift */,
				46E2AE102A20EB8500467F69 /* Assets.xcassets */,
				46E2AE122A20EB8500467F69 /* Preview Content */,
			);
			path = "wallet-copycat";
			sourceTree = "<group>";
		};
		46E2AE122A20EB8500467F69 /* Preview Content */ = {
			isa = PBXGroup;
			children = (
				46E2AE132A20EB8500467F69 /* Preview Assets.xcassets */,
			);
			path = "Preview Content";
			sourceTree = "<group>";
		};
/* End PBXGroup section */

/* Begin PBXNativeTarget section */
		46E2AE082A20EB8400467F69 /* wallet-copycat */ = {
			isa = PBXNativeTarget;
			buildConfigurationList = 46E2AE172A20EB8500467F69 /* Build configuration list for PBXNativeTarget "wallet-copycat" */;
			buildPhases = (
				46E2AE052A20EB8400467F69 /* Sources */,
				46E2AE062A20EB8400467F69 /* Frameworks */,
				46E2AE072A20EB8400467F69 /* Resources */,
			);
			buildRules = (
			);
			dependencies = (
			);
			name = "wallet-copycat";
			productName = "wallet-copycat";
			productReference = 46E2AE092A20EB8400467F69 /* wallet-copycat.app */;
			productType = "com.apple.product-type.application";
		};
/* End PBXNativeTarget section */

/* Begin PBXProject section */
		46E2AE012A20EB8400467F69 /* Project object */ = {
			isa = PBXProject;
			attributes = {
				BuildIndependentTargetsInParallel = 1;
				LastSwiftUpdateCheck = 1430;
				LastUpgradeCheck = 1430;
				TargetAttributes = {
					46E2AE082A20EB8400467F69 = {
						CreatedOnToolsVersion = 14.3;
					};
				};
			};
			buildConfigurationList = 46E2AE042A20EB8400467F69 /* Build configuration list for PBXProject "wallet-copycat" */;
			compatibilityVersion = "Xcode 14.0";
			developmentRegion = en;
			hasScannedForEncodings = 0;
			knownRegions = (
				en,
				Base,
			);
			mainGroup = 46E2AE002A20EB8400467F69;
			productRefGroup = 46E2AE0A2A20EB8400467F69 /* Products */;
			projectDirPath = "";
			projectRoot = "";
			targets = (
				46E2AE082A20EB8400467F69 /* wallet-copycat */,
			);
		};
/* End PBXProject section */

/* Begin PBXResourcesBuildPhase section */
		46E2AE072A20EB8400467F69 /* Resources */ = {
			isa = PBXResourcesBuildPhase;
			buildActionMask = 2147483647;
			files = (
				46E2AE142A20EB8500467F69 /* Preview Assets.xcassets in Resources */,
				46E2AE112A20EB8500467F69 /* Assets.xcassets in Resources */,
			);
			runOnlyForDeploymentPostprocessing = 0;
		};
/* End PBXResourcesBuildPhase section */

/* Begin PBXSourcesBuildPhase section */
		46E2AE052A20EB8400467F69 /* Sources */ = {
			isa = PBXSourcesBuildPhase;
			buildActionMask = 2147483647;
			files = (
				464885082A24BFA100B1A36C /* HomeView.swift in Sources */,
				273485A52A2623FF002087FF /* DetailView.swift in Sources */,
				4648850C2A24BFE400B1A36C /* CardsView.swift in Sources */,
				B6F8042C2A212BD4007A0580 /* FaceID.swift in Sources */,
				7464B46E2A24D06500B7567E /* Register_Card_ModalView.swift in Sources */,
				7464B46A2A24D02200B7567E /* registerCVVView.swift in Sources */,
				4648850E2A24C00600B1A36C /* View+CornerRadius.swift in Sources */,
				74CAF9A82A2624AE0037C433 /* nfcClass.swift in Sources */,
				46E2AE0D2A20EB8400467F69 /* wallet_copycatApp.swift in Sources */,
				7418D9BD2A26226E005AA29E /* Notification.swift in Sources */,
				4648850A2A24BFCF00B1A36C /* Card.swift in Sources */,
				464885102A24C01A00B1A36C /* RoundedCorner.swift in Sources */,
				7464B46C2A24D04500B7567E /* Add_to_wallet_ModalView.swift in Sources */,
				2799A3FD2A26D6890065AEEC /* Detail.swift in Sources */,
			);
			runOnlyForDeploymentPostprocessing = 0;
		};
/* End PBXSourcesBuildPhase section */

/* Begin XCBuildConfiguration section */
		46E2AE152A20EB8500467F69 /* Debug */ = {
			isa = XCBuildConfiguration;
			buildSettings = {
				ALWAYS_SEARCH_USER_PATHS = NO;
				CLANG_ANALYZER_NONNULL = YES;
				CLANG_ANALYZER_NUMBER_OBJECT_CONVERSION = YES_AGGRESSIVE;
				CLANG_CXX_LANGUAGE_STANDARD = "gnu++20";
				CLANG_ENABLE_MODULES = YES;
				CLANG_ENABLE_OBJC_ARC = YES;
				CLANG_ENABLE_OBJC_WEAK = YES;
				CLANG_WARN_BLOCK_CAPTURE_AUTORELEASING = YES;
				CLANG_WARN_BOOL_CONVERSION = YES;
				CLANG_WARN_COMMA = YES;
				CLANG_WARN_CONSTANT_CONVERSION = YES;
				CLANG_WARN_DEPRECATED_OBJC_IMPLEMENTATIONS = YES;
				CLANG_WARN_DIRECT_OBJC_ISA_USAGE = YES_ERROR;
				CLANG_WARN_DOCUMENTATION_COMMENTS = YES;
				CLANG_WARN_EMPTY_BODY = YES;
				CLANG_WARN_ENUM_CONVERSION = YES;
				CLANG_WARN_INFINITE_RECURSION = YES;
				CLANG_WARN_INT_CONVERSION = YES;
				CLANG_WARN_NON_LITERAL_NULL_CONVERSION = YES;
				CLANG_WARN_OBJC_IMPLICIT_RETAIN_SELF = YES;
				CLANG_WARN_OBJC_LITERAL_CONVERSION = YES;
				CLANG_WARN_OBJC_ROOT_CLASS = YES_ERROR;
				CLANG_WARN_QUOTED_INCLUDE_IN_FRAMEWORK_HEADER = YES;
				CLANG_WARN_RANGE_LOOP_ANALYSIS = YES;
				CLANG_WARN_STRICT_PROTOTYPES = YES;
				CLANG_WARN_SUSPICIOUS_MOVE = YES;
				CLANG_WARN_UNGUARDED_AVAILABILITY = YES_AGGRESSIVE;
				CLANG_WARN_UNREACHABLE_CODE = YES;
				CLANG_WARN__DUPLICATE_METHOD_MATCH = YES;
				COPY_PHASE_STRIP = NO;
				DEBUG_INFORMATION_FORMAT = dwarf;
				ENABLE_STRICT_OBJC_MSGSEND = YES;
				ENABLE_TESTABILITY = YES;
				GCC_C_LANGUAGE_STANDARD = gnu11;
				GCC_DYNAMIC_NO_PIC = NO;
				GCC_NO_COMMON_BLOCKS = YES;
				GCC_OPTIMIZATION_LEVEL = 0;
				GCC_PREPROCESSOR_DEFINITIONS = (
					"DEBUG=1",
					"$(inherited)",
				);
				GCC_WARN_64_TO_32_BIT_CONVERSION = YES;
				GCC_WARN_ABOUT_RETURN_TYPE = YES_ERROR;
				GCC_WARN_UNDECLARED_SELECTOR = YES;
				GCC_WARN_UNINITIALIZED_AUTOS = YES_AGGRESSIVE;
				GCC_WARN_UNUSED_FUNCTION = YES;
				GCC_WARN_UNUSED_VARIABLE = YES;
				IPHONEOS_DEPLOYMENT_TARGET = 16.4;
				MTL_ENABLE_DEBUG_INFO = INCLUDE_SOURCE;
				MTL_FAST_MATH = YES;
				ONLY_ACTIVE_ARCH = YES;
				SDKROOT = iphoneos;
				SWIFT_ACTIVE_COMPILATION_CONDITIONS = DEBUG;
				SWIFT_OPTIMIZATION_LEVEL = "-Onone";
			};
			name = Debug;
		};
		46E2AE162A20EB8500467F69 /* Release */ = {
			isa = XCBuildConfiguration;
			buildSettings = {
				ALWAYS_SEARCH_USER_PATHS = NO;
				CLANG_ANALYZER_NONNULL = YES;
				CLANG_ANALYZER_NUMBER_OBJECT_CONVERSION = YES_AGGRESSIVE;
				CLANG_CXX_LANGUAGE_STANDARD = "gnu++20";
				CLANG_ENABLE_MODULES = YES;
				CLANG_ENABLE_OBJC_ARC = YES;
				CLANG_ENABLE_OBJC_WEAK = YES;
				CLANG_WARN_BLOCK_CAPTURE_AUTORELEASING = YES;
				CLANG_WARN_BOOL_CONVERSION = YES;
				CLANG_WARN_COMMA = YES;
				CLANG_WARN_CONSTANT_CONVERSION = YES;
				CLANG_WARN_DEPRECATED_OBJC_IMPLEMENTATIONS = YES;
				CLANG_WARN_DIRECT_OBJC_ISA_USAGE = YES_ERROR;
				CLANG_WARN_DOCUMENTATION_COMMENTS = YES;
				CLANG_WARN_EMPTY_BODY = YES;
				CLANG_WARN_ENUM_CONVERSION = YES;
				CLANG_WARN_INFINITE_RECURSION = YES;
				CLANG_WARN_INT_CONVERSION = YES;
				CLANG_WARN_NON_LITERAL_NULL_CONVERSION = YES;
				CLANG_WARN_OBJC_IMPLICIT_RETAIN_SELF = YES;
				CLANG_WARN_OBJC_LITERAL_CONVERSION = YES;
				CLANG_WARN_OBJC_ROOT_CLASS = YES_ERROR;
				CLANG_WARN_QUOTED_INCLUDE_IN_FRAMEWORK_HEADER = YES;
				CLANG_WARN_RANGE_LOOP_ANALYSIS = YES;
				CLANG_WARN_STRICT_PROTOTYPES = YES;
				CLANG_WARN_SUSPICIOUS_MOVE = YES;
				CLANG_WARN_UNGUARDED_AVAILABILITY = YES_AGGRESSIVE;
				CLANG_WARN_UNREACHABLE_CODE = YES;
				CLANG_WARN__DUPLICATE_METHOD_MATCH = YES;
				COPY_PHASE_STRIP = NO;
				DEBUG_INFORMATION_FORMAT = "dwarf-with-dsym";
				ENABLE_NS_ASSERTIONS = NO;
				ENABLE_STRICT_OBJC_MSGSEND = YES;
				GCC_C_LANGUAGE_STANDARD = gnu11;
				GCC_NO_COMMON_BLOCKS = YES;
				GCC_WARN_64_TO_32_BIT_CONVERSION = YES;
				GCC_WARN_ABOUT_RETURN_TYPE = YES_ERROR;
				GCC_WARN_UNDECLARED_SELECTOR = YES;
				GCC_WARN_UNINITIALIZED_AUTOS = YES_AGGRESSIVE;
				GCC_WARN_UNUSED_FUNCTION = YES;
				GCC_WARN_UNUSED_VARIABLE = YES;
				IPHONEOS_DEPLOYMENT_TARGET = 16.4;
				MTL_ENABLE_DEBUG_INFO = NO;
				MTL_FAST_MATH = YES;
				SDKROOT = iphoneos;
				SWIFT_COMPILATION_MODE = wholemodule;
				SWIFT_OPTIMIZATION_LEVEL = "-O";
				VALIDATE_PRODUCT = YES;
			};
			name = Release;
		};
		46E2AE182A20EB8500467F69 /* Debug */ = {
			isa = XCBuildConfiguration;
			buildSettings = {
				ASSETCATALOG_COMPILER_APPICON_NAME = AppIcon;
				ASSETCATALOG_COMPILER_GLOBAL_ACCENT_COLOR_NAME = AccentColor;
				CODE_SIGN_ENTITLEMENTS = "wallet-copycat/wallet-copycat.entitlements";
				CODE_SIGN_STYLE = Automatic;
				CURRENT_PROJECT_VERSION = 1;
				DEVELOPMENT_ASSET_PATHS = "\"wallet-copycat/Preview Content\"";
				DEVELOPMENT_TEAM = LN44B42H6P;
				ENABLE_PREVIEWS = YES;
				GENERATE_INFOPLIST_FILE = YES;
				INFOPLIST_KEY_NFCReaderUsageDescription = "Ler cartao atraves do NFC";
				INFOPLIST_KEY_NSFaceIDUsageDescription = "Security aaa";
				INFOPLIST_KEY_UIApplicationSceneManifest_Generation = YES;
				INFOPLIST_KEY_UIApplicationSupportsIndirectInputEvents = YES;
				INFOPLIST_KEY_UILaunchScreen_Generation = YES;
				INFOPLIST_KEY_UISupportedInterfaceOrientations = UIInterfaceOrientationPortrait;
				INFOPLIST_KEY_UISupportedInterfaceOrientations_iPad = "UIInterfaceOrientationLandscapeLeft UIInterfaceOrientationLandscapeRight UIInterfaceOrientationPortrait UIInterfaceOrientationPortraitUpsideDown";
				LD_RUNPATH_SEARCH_PATHS = (
					"$(inherited)",
					"@executable_path/Frameworks",
				);
				MARKETING_VERSION = 1.0;
				PRODUCT_BUNDLE_IDENTIFIER = matheusbarbosa;
				PRODUCT_NAME = "$(TARGET_NAME)";
				SWIFT_EMIT_LOC_STRINGS = YES;
				SWIFT_VERSION = 5.0;
				TARGETED_DEVICE_FAMILY = "1,2";
			};
			name = Debug;
		};
		46E2AE192A20EB8500467F69 /* Release */ = {
			isa = XCBuildConfiguration;
			buildSettings = {
				ASSETCATALOG_COMPILER_APPICON_NAME = AppIcon;
				ASSETCATALOG_COMPILER_GLOBAL_ACCENT_COLOR_NAME = AccentColor;
				CODE_SIGN_ENTITLEMENTS = "wallet-copycat/wallet-copycat.entitlements";
				CODE_SIGN_STYLE = Automatic;
				CURRENT_PROJECT_VERSION = 1;
				DEVELOPMENT_ASSET_PATHS = "\"wallet-copycat/Preview Content\"";
				DEVELOPMENT_TEAM = LN44B42H6P;
				ENABLE_PREVIEWS = YES;
				GENERATE_INFOPLIST_FILE = YES;
				INFOPLIST_KEY_NFCReaderUsageDescription = "Ler cartao atraves do NFC";
				INFOPLIST_KEY_NSFaceIDUsageDescription = "Security aaa";
				INFOPLIST_KEY_UIApplicationSceneManifest_Generation = YES;
				INFOPLIST_KEY_UIApplicationSupportsIndirectInputEvents = YES;
				INFOPLIST_KEY_UILaunchScreen_Generation = YES;
				INFOPLIST_KEY_UISupportedInterfaceOrientations = UIInterfaceOrientationPortrait;
				INFOPLIST_KEY_UISupportedInterfaceOrientations_iPad = "UIInterfaceOrientationLandscapeLeft UIInterfaceOrientationLandscapeRight UIInterfaceOrientationPortrait UIInterfaceOrientationPortraitUpsideDown";
				LD_RUNPATH_SEARCH_PATHS = (
					"$(inherited)",
					"@executable_path/Frameworks",
				);
				MARKETING_VERSION = 1.0;
				PRODUCT_BUNDLE_IDENTIFIER = matheusbarbosa;
				PRODUCT_NAME = "$(TARGET_NAME)";
				SWIFT_EMIT_LOC_STRINGS = YES;
				SWIFT_VERSION = 5.0;
				TARGETED_DEVICE_FAMILY = "1,2";
			};
			name = Release;
		};
/* End XCBuildConfiguration section */

/* Begin XCConfigurationList section */
		46E2AE042A20EB8400467F69 /* Build configuration list for PBXProject "wallet-copycat" */ = {
			isa = XCConfigurationList;
			buildConfigurations = (
				46E2AE152A20EB8500467F69 /* Debug */,
				46E2AE162A20EB8500467F69 /* Release */,
			);
			defaultConfigurationIsVisible = 0;
			defaultConfigurationName = Release;
		};
		46E2AE172A20EB8500467F69 /* Build configuration list for PBXNativeTarget "wallet-copycat" */ = {
			isa = XCConfigurationList;
			buildConfigurations = (
				46E2AE182A20EB8500467F69 /* Debug */,
				46E2AE192A20EB8500467F69 /* Release */,
			);
			defaultConfigurationIsVisible = 0;
			defaultConfigurationName = Release;
		};
/* End XCConfigurationList section */
	};
	rootObject = 46E2AE012A20EB8400467F69 /* Project object */;
}
